
Microsoft Visual Studio Solution File, Format Version 12.00
# Visual Studio Version 17
VisualStudioVersion = 17.2.32616.157
MinimumVisualStudioVersion = 10.0.40219.1
Project("{FAE04EC0-301F-11D3-BF4B-00C04F79EFBC}") = "ITS.POP.Api", "ITS.POP.Api\ITS.POP.Api.csproj", "{CCDBD391-BC7C-4379-8164-E283B3CC6B68}"
EndProject
Project("{FAE04EC0-301F-11D3-BF4B-00C04F79EFBC}") = "ITS.POP.Domain", "ITS.POP.Domain\ITS.POP.Domain.csproj", "{72544548-F9D9-46AA-BD7D-28047334B0D1}"
EndProject
Project("{FAE04EC0-301F-11D3-BF4B-00C04F79EFBC}") = "ITS.POP.Infrastructure", "ITS.POP.Infrastructure\ITS.POP.Infrastructure.csproj", "{50AAC361-342A-434A-B00B-554547591BA9}"
EndProject
Global
	GlobalSection(SolutionConfigurationPlatforms) = preSolution
		Debug|Any CPU = Debug|Any CPU
		Release|Any CPU = Release|Any CPU
	EndGlobalSection
	GlobalSection(ProjectConfigurationPlatforms) = postSolution
		{CCDBD391-BC7C-4379-8164-E283B3CC6B68}.Debug|Any CPU.ActiveCfg = Debug|Any CPU
		{CCDBD391-BC7C-4379-8164-E283B3CC6B68}.Debug|Any CPU.Build.0 = Debug|Any CPU
		{CCDBD391-BC7C-4379-8164-E283B3CC6B68}.Release|Any CPU.ActiveCfg = Release|Any CPU
		{CCDBD391-BC7C-4379-8164-E283B3CC6B68}.Release|Any CPU.Build.0 = Release|Any CPU
		{72544548-F9D9-46AA-BD7D-28047334B0D1}.Debug|Any CPU.ActiveCfg = Debug|Any CPU
		{72544548-F9D9-46AA-BD7D-28047334B0D1}.Debug|Any CPU.Build.0 = Debug|Any CPU
		{72544548-F9D9-46AA-BD7D-28047334B0D1}.Release|Any CPU.ActiveCfg = Release|Any CPU
		{72544548-F9D9-46AA-BD7D-28047334B0D1}.Release|Any CPU.Build.0 = Release|Any CPU
		{50AAC361-342A-434A-B00B-554547591BA9}.Debug|Any CPU.ActiveCfg = Debug|Any CPU
		{50AAC361-342A-434A-B00B-554547591BA9}.Debug|Any CPU.Build.0 = Debug|Any CPU
		{50AAC361-342A-434A-B00B-554547591BA9}.Release|Any CPU.ActiveCfg = Release|Any CPU
		{50AAC361-342A-434A-B00B-554547591BA9}.Release|Any CPU.Build.0 = Release|Any CPU
	EndGlobalSection
	GlobalSection(SolutionProperties) = preSolution
		HideSolutionNode = FALSE
	EndGlobalSection
	GlobalSection(ExtensibilityGlobals) = postSolution
		SolutionGuid = {30A1DE31-880C-410E-BF86-AEFE68DDC40F}
	EndGlobalSection
EndGlobal
